
Microsoft Visual Studio Solution File, Format Version 12.00
# Visual Studio Version 17
VisualStudioVersion = 17.0.31903.59
MinimumVisualStudioVersion = 10.0.40219.1
Project("{FAE04EC0-301F-11D3-BF4B-00C04F79EFBC}") = "Organizarty.Identity.Adapters", "Organizarty.Identity.Adapters\Organizarty.Identity.Adapters.csproj", "{DB87387D-F0B0-43A2-8310-DA55EA1A0A89}"
EndProject
Project("{FAE04EC0-301F-11D3-BF4B-00C04F79EFBC}") = "Organizarty.Identity.Application", "Organizarty.Identity.Application\Organizarty.Identity.Application.csproj", "{44010B52-9791-4C5B-A944-A7A42441BFB0}"
EndProject
Project("{FAE04EC0-301F-11D3-BF4B-00C04F79EFBC}") = "Organizarty.Identity.DependencyInversion", "Organizarty.Identity.DependencyInversion\Organizarty.Identity.DependencyInversion.csproj", "{F4717EEC-A11D-47F7-9D6A-08278DA0F142}"
EndProject
Project("{FAE04EC0-301F-11D3-BF4B-00C04F79EFBC}") = "Organizarty.Identity.Infra", "Organizarty.Identity.Infra\Organizarty.Identity.Infra.csproj", "{A1DD24FA-AF3F-484E-8BF5-031525DA2DC2}"
EndProject
Global
	GlobalSection(SolutionConfigurationPlatforms) = preSolution
		Debug|Any CPU = Debug|Any CPU
		Release|Any CPU = Release|Any CPU
	EndGlobalSection
	GlobalSection(SolutionProperties) = preSolution
		HideSolutionNode = FALSE
	EndGlobalSection
	GlobalSection(ProjectConfigurationPlatforms) = postSolution
		{DB87387D-F0B0-43A2-8310-DA55EA1A0A89}.Debug|Any CPU.ActiveCfg = Debug|Any CPU
		{DB87387D-F0B0-43A2-8310-DA55EA1A0A89}.Debug|Any CPU.Build.0 = Debug|Any CPU
		{DB87387D-F0B0-43A2-8310-DA55EA1A0A89}.Release|Any CPU.ActiveCfg = Release|Any CPU
		{DB87387D-F0B0-43A2-8310-DA55EA1A0A89}.Release|Any CPU.Build.0 = Release|Any CPU
		{44010B52-9791-4C5B-A944-A7A42441BFB0}.Debug|Any CPU.ActiveCfg = Debug|Any CPU
		{44010B52-9791-4C5B-A944-A7A42441BFB0}.Debug|Any CPU.Build.0 = Debug|Any CPU
		{44010B52-9791-4C5B-A944-A7A42441BFB0}.Release|Any CPU.ActiveCfg = Release|Any CPU
		{44010B52-9791-4C5B-A944-A7A42441BFB0}.Release|Any CPU.Build.0 = Release|Any CPU
		{F4717EEC-A11D-47F7-9D6A-08278DA0F142}.Debug|Any CPU.ActiveCfg = Debug|Any CPU
		{F4717EEC-A11D-47F7-9D6A-08278DA0F142}.Debug|Any CPU.Build.0 = Debug|Any CPU
		{F4717EEC-A11D-47F7-9D6A-08278DA0F142}.Release|Any CPU.ActiveCfg = Release|Any CPU
		{F4717EEC-A11D-47F7-9D6A-08278DA0F142}.Release|Any CPU.Build.0 = Release|Any CPU
		{A1DD24FA-AF3F-484E-8BF5-031525DA2DC2}.Debug|Any CPU.ActiveCfg = Debug|Any CPU
		{A1DD24FA-AF3F-484E-8BF5-031525DA2DC2}.Debug|Any CPU.Build.0 = Debug|Any CPU
		{A1DD24FA-AF3F-484E-8BF5-031525DA2DC2}.Release|Any CPU.ActiveCfg = Release|Any CPU
		{A1DD24FA-AF3F-484E-8BF5-031525DA2DC2}.Release|Any CPU.Build.0 = Release|Any CPU
	EndGlobalSection
EndGlobal
